
Microsoft Visual Studio Solution File, Format Version 12.00
# Visual Studio Version 18
VisualStudioVersion = 18.0.11018.127
MinimumVisualStudioVersion = 10.0.40219.1
Project("{2150E333-8FDC-42A3-9474-1A3956D46DE8}") = "src", "src", "{827E0CD3-B72D-47B6-A68D-7590B98EB39B}"
EndProject
Project("{2150E333-8FDC-42A3-9474-1A3956D46DE8}") = "backend", "backend", "{FE360695-3F2B-1049-3887-35FBB5135923}"
EndProject
Project("{FAE04EC0-301F-11D3-BF4B-00C04F79EFBC}") = "SunnySeat.Api", "src\backend\SunnySeat.Api\SunnySeat.Api.csproj", "{99E537F9-B866-4CF8-931D-6D548CCABA42}"
EndProject
Project("{FAE04EC0-301F-11D3-BF4B-00C04F79EFBC}") = "SunnySeat.Core", "src\backend\SunnySeat.Core\SunnySeat.Core.csproj", "{AEA9DEA6-F95E-44D5-A9E8-89C9B0919069}"
EndProject
Project("{FAE04EC0-301F-11D3-BF4B-00C04F79EFBC}") = "SunnySeat.Data", "src\backend\SunnySeat.Data\SunnySeat.Data.csproj", "{BC7EC75D-4890-46FA-8E4C-8CF553A03B9A}"
EndProject
Project("{FAE04EC0-301F-11D3-BF4B-00C04F79EFBC}") = "SunnySeat.Shared", "src\backend\SunnySeat.Shared\SunnySeat.Shared.csproj", "{75262B54-D18A-4507-BC3D-FE5ECDCB9790}"
EndProject
Project("{FAE04EC0-301F-11D3-BF4B-00C04F79EFBC}") = "SunnySeat.Api.Tests", "src\backend\SunnySeat.Api.Tests\SunnySeat.Api.Tests.csproj", "{8DF9F5A2-9D3D-4E92-AA7B-D85DA2D757F3}"
EndProject
Project("{FAE04EC0-301F-11D3-BF4B-00C04F79EFBC}") = "SunnySeat.Core.Tests", "src\backend\SunnySeat.Core.Tests\SunnySeat.Core.Tests.csproj", "{D942985C-90E6-4DC8-A2F3-B80B5AD36838}"
EndProject
Project("{FAE04EC0-301F-11D3-BF4B-00C04F79EFBC}") = "SunnySeat.Data.Tests", "src\backend\SunnySeat.Data.Tests\SunnySeat.Data.Tests.csproj", "{2848C142-19CD-4508-91BE-65FF473D07C1}"
EndProject
Project("{2150E333-8FDC-42A3-9474-1A3956D46DE8}") = "tests", "tests", "{0AB3BF05-4346-4AA6-1389-037BE0695223}"
EndProject
Project("{FAE04EC0-301F-11D3-BF4B-00C04F79EFBC}") = "SunnySeat.Integration.Tests", "tests\SunnySeat.Integration.Tests\SunnySeat.Integration.Tests.csproj", "{929DB705-3259-4D00-B864-7F4AF99C21F6}"
EndProject
Project("{FAE04EC0-301F-11D3-BF4B-00C04F79EFBC}") = "SunnySeat.Docs", "SunnySeat.Docs\SunnySeat.Docs.csproj", "{565205AC-BEE5-4EE3-8D9C-35449CA02F52}"
EndProject
Project("{FAE04EC0-301F-11D3-BF4B-00C04F79EFBC}") = "SunnySeat.Performance.Benchmarks", "tests\SunnySeat.Performance.Benchmarks\SunnySeat.Performance.Benchmarks.csproj", "{DA2125BE-8BB2-4C64-B18D-44488A1197AB}"
EndProject
Global
	GlobalSection(SolutionConfigurationPlatforms) = preSolution
		Debug|Any CPU = Debug|Any CPU
		Debug|x64 = Debug|x64
		Debug|x86 = Debug|x86
		Release|Any CPU = Release|Any CPU
		Release|x64 = Release|x64
		Release|x86 = Release|x86
	EndGlobalSection
	GlobalSection(ProjectConfigurationPlatforms) = postSolution
		{99E537F9-B866-4CF8-931D-6D548CCABA42}.Debug|Any CPU.ActiveCfg = Debug|Any CPU
		{99E537F9-B866-4CF8-931D-6D548CCABA42}.Debug|Any CPU.Build.0 = Debug|Any CPU
		{99E537F9-B866-4CF8-931D-6D548CCABA42}.Debug|x64.ActiveCfg = Debug|Any CPU
		{99E537F9-B866-4CF8-931D-6D548CCABA42}.Debug|x64.Build.0 = Debug|Any CPU
		{99E537F9-B866-4CF8-931D-6D548CCABA42}.Debug|x86.ActiveCfg = Debug|Any CPU
		{99E537F9-B866-4CF8-931D-6D548CCABA42}.Debug|x86.Build.0 = Debug|Any CPU
		{99E537F9-B866-4CF8-931D-6D548CCABA42}.Release|Any CPU.ActiveCfg = Release|Any CPU
		{99E537F9-B866-4CF8-931D-6D548CCABA42}.Release|Any CPU.Build.0 = Release|Any CPU
		{99E537F9-B866-4CF8-931D-6D548CCABA42}.Release|x64.ActiveCfg = Release|Any CPU
		{99E537F9-B866-4CF8-931D-6D548CCABA42}.Release|x64.Build.0 = Release|Any CPU
		{99E537F9-B866-4CF8-931D-6D548CCABA42}.Release|x86.ActiveCfg = Release|Any CPU
		{99E537F9-B866-4CF8-931D-6D548CCABA42}.Release|x86.Build.0 = Release|Any CPU
		{AEA9DEA6-F95E-44D5-A9E8-89C9B0919069}.Debug|Any CPU.ActiveCfg = Debug|Any CPU
		{AEA9DEA6-F95E-44D5-A9E8-89C9B0919069}.Debug|Any CPU.Build.0 = Debug|Any CPU
		{AEA9DEA6-F95E-44D5-A9E8-89C9B0919069}.Debug|x64.ActiveCfg = Debug|Any CPU
		{AEA9DEA6-F95E-44D5-A9E8-89C9B0919069}.Debug|x64.Build.0 = Debug|Any CPU
		{AEA9DEA6-F95E-44D5-A9E8-89C9B0919069}.Debug|x86.ActiveCfg = Debug|Any CPU
		{AEA9DEA6-F95E-44D5-A9E8-89C9B0919069}.Debug|x86.Build.0 = Debug|Any CPU
		{AEA9DEA6-F95E-44D5-A9E8-89C9B0919069}.Release|Any CPU.ActiveCfg = Release|Any CPU
		{AEA9DEA6-F95E-44D5-A9E8-89C9B0919069}.Release|Any CPU.Build.0 = Release|Any CPU
		{AEA9DEA6-F95E-44D5-A9E8-89C9B0919069}.Release|x64.ActiveCfg = Release|Any CPU
		{AEA9DEA6-F95E-44D5-A9E8-89C9B0919069}.Release|x64.Build.0 = Release|Any CPU
		{AEA9DEA6-F95E-44D5-A9E8-89C9B0919069}.Release|x86.ActiveCfg = Release|Any CPU
		{AEA9DEA6-F95E-44D5-A9E8-89C9B0919069}.Release|x86.Build.0 = Release|Any CPU
		{BC7EC75D-4890-46FA-8E4C-8CF553A03B9A}.Debug|Any CPU.ActiveCfg = Debug|Any CPU
		{BC7EC75D-4890-46FA-8E4C-8CF553A03B9A}.Debug|Any CPU.Build.0 = Debug|Any CPU
		{BC7EC75D-4890-46FA-8E4C-8CF553A03B9A}.Debug|x64.ActiveCfg = Debug|Any CPU
		{BC7EC75D-4890-46FA-8E4C-8CF553A03B9A}.Debug|x64.Build.0 = Debug|Any CPU
		{BC7EC75D-4890-46FA-8E4C-8CF553A03B9A}.Debug|x86.ActiveCfg = Debug|Any CPU
		{BC7EC75D-4890-46FA-8E4C-8CF553A03B9A}.Debug|x86.Build.0 = Debug|Any CPU
		{BC7EC75D-4890-46FA-8E4C-8CF553A03B9A}.Release|Any CPU.ActiveCfg = Release|Any CPU
		{BC7EC75D-4890-46FA-8E4C-8CF553A03B9A}.Release|Any CPU.Build.0 = Release|Any CPU
		{BC7EC75D-4890-46FA-8E4C-8CF553A03B9A}.Release|x64.ActiveCfg = Release|Any CPU
		{BC7EC75D-4890-46FA-8E4C-8CF553A03B9A}.Release|x64.Build.0 = Release|Any CPU
		{BC7EC75D-4890-46FA-8E4C-8CF553A03B9A}.Release|x86.ActiveCfg = Release|Any CPU
		{BC7EC75D-4890-46FA-8E4C-8CF553A03B9A}.Release|x86.Build.0 = Release|Any CPU
		{75262B54-D18A-4507-BC3D-FE5ECDCB9790}.Debug|Any CPU.ActiveCfg = Debug|Any CPU
		{75262B54-D18A-4507-BC3D-FE5ECDCB9790}.Debug|Any CPU.Build.0 = Debug|Any CPU
		{75262B54-D18A-4507-BC3D-FE5ECDCB9790}.Debug|x64.ActiveCfg = Debug|Any CPU
		{75262B54-D18A-4507-BC3D-FE5ECDCB9790}.Debug|x64.Build.0 = Debug|Any CPU
		{75262B54-D18A-4507-BC3D-FE5ECDCB9790}.Debug|x86.ActiveCfg = Debug|Any CPU
		{75262B54-D18A-4507-BC3D-FE5ECDCB9790}.Debug|x86.Build.0 = Debug|Any CPU
		{75262B54-D18A-4507-BC3D-FE5ECDCB9790}.Release|Any CPU.ActiveCfg = Release|Any CPU
		{75262B54-D18A-4507-BC3D-FE5ECDCB9790}.Release|Any CPU.Build.0 = Release|Any CPU
		{75262B54-D18A-4507-BC3D-FE5ECDCB9790}.Release|x64.ActiveCfg = Release|Any CPU
		{75262B54-D18A-4507-BC3D-FE5ECDCB9790}.Release|x64.Build.0 = Release|Any CPU
		{75262B54-D18A-4507-BC3D-FE5ECDCB9790}.Release|x86.ActiveCfg = Release|Any CPU
		{75262B54-D18A-4507-BC3D-FE5ECDCB9790}.Release|x86.Build.0 = Release|Any CPU
		{8DF9F5A2-9D3D-4E92-AA7B-D85DA2D757F3}.Debug|Any CPU.ActiveCfg = Debug|Any CPU
		{8DF9F5A2-9D3D-4E92-AA7B-D85DA2D757F3}.Debug|Any CPU.Build.0 = Debug|Any CPU
		{8DF9F5A2-9D3D-4E92-AA7B-D85DA2D757F3}.Debug|x64.ActiveCfg = Debug|Any CPU
		{8DF9F5A2-9D3D-4E92-AA7B-D85DA2D757F3}.Debug|x64.Build.0 = Debug|Any CPU
		{8DF9F5A2-9D3D-4E92-AA7B-D85DA2D757F3}.Debug|x86.ActiveCfg = Debug|Any CPU
		{8DF9F5A2-9D3D-4E92-AA7B-D85DA2D757F3}.Debug|x86.Build.0 = Debug|Any CPU
		{8DF9F5A2-9D3D-4E92-AA7B-D85DA2D757F3}.Release|Any CPU.ActiveCfg = Release|Any CPU
		{8DF9F5A2-9D3D-4E92-AA7B-D85DA2D757F3}.Release|Any CPU.Build.0 = Release|Any CPU
		{8DF9F5A2-9D3D-4E92-AA7B-D85DA2D757F3}.Release|x64.ActiveCfg = Release|Any CPU
		{8DF9F5A2-9D3D-4E92-AA7B-D85DA2D757F3}.Release|x64.Build.0 = Release|Any CPU
		{8DF9F5A2-9D3D-4E92-AA7B-D85DA2D757F3}.Release|x86.ActiveCfg = Release|Any CPU
		{8DF9F5A2-9D3D-4E92-AA7B-D85DA2D757F3}.Release|x86.Build.0 = Release|Any CPU
		{D942985C-90E6-4DC8-A2F3-B80B5AD36838}.Debug|Any CPU.ActiveCfg = Debug|Any CPU
		{D942985C-90E6-4DC8-A2F3-B80B5AD36838}.Debug|Any CPU.Build.0 = Debug|Any CPU
		{D942985C-90E6-4DC8-A2F3-B80B5AD36838}.Debug|x64.ActiveCfg = Debug|Any CPU
		{D942985C-90E6-4DC8-A2F3-B80B5AD36838}.Debug|x64.Build.0 = Debug|Any CPU
		{D942985C-90E6-4DC8-A2F3-B80B5AD36838}.Debug|x86.ActiveCfg = Debug|Any CPU
		{D942985C-90E6-4DC8-A2F3-B80B5AD36838}.Debug|x86.Build.0 = Debug|Any CPU
		{D942985C-90E6-4DC8-A2F3-B80B5AD36838}.Release|Any CPU.ActiveCfg = Release|Any CPU
		{D942985C-90E6-4DC8-A2F3-B80B5AD36838}.Release|Any CPU.Build.0 = Release|Any CPU
		{D942985C-90E6-4DC8-A2F3-B80B5AD36838}.Release|x64.ActiveCfg = Release|Any CPU
		{D942985C-90E6-4DC8-A2F3-B80B5AD36838}.Release|x64.Build.0 = Release|Any CPU
		{D942985C-90E6-4DC8-A2F3-B80B5AD36838}.Release|x86.ActiveCfg = Release|Any CPU
		{D942985C-90E6-4DC8-A2F3-B80B5AD36838}.Release|x86.Build.0 = Release|Any CPU
		{2848C142-19CD-4508-91BE-65FF473D07C1}.Debug|Any CPU.ActiveCfg = Debug|Any CPU
		{2848C142-19CD-4508-91BE-65FF473D07C1}.Debug|Any CPU.Build.0 = Debug|Any CPU
		{2848C142-19CD-4508-91BE-65FF473D07C1}.Debug|x64.ActiveCfg = Debug|Any CPU
		{2848C142-19CD-4508-91BE-65FF473D07C1}.Debug|x64.Build.0 = Debug|Any CPU
		{2848C142-19CD-4508-91BE-65FF473D07C1}.Debug|x86.ActiveCfg = Debug|Any CPU
		{2848C142-19CD-4508-91BE-65FF473D07C1}.Debug|x86.Build.0 = Debug|Any CPU
		{2848C142-19CD-4508-91BE-65FF473D07C1}.Release|Any CPU.ActiveCfg = Release|Any CPU
		{2848C142-19CD-4508-91BE-65FF473D07C1}.Release|Any CPU.Build.0 = Release|Any CPU
		{2848C142-19CD-4508-91BE-65FF473D07C1}.Release|x64.ActiveCfg = Release|Any CPU
		{2848C142-19CD-4508-91BE-65FF473D07C1}.Release|x64.Build.0 = Release|Any CPU
		{2848C142-19CD-4508-91BE-65FF473D07C1}.Release|x86.ActiveCfg = Release|Any CPU
		{2848C142-19CD-4508-91BE-65FF473D07C1}.Release|x86.Build.0 = Release|Any CPU
		{929DB705-3259-4D00-B864-7F4AF99C21F6}.Debug|Any CPU.ActiveCfg = Debug|Any CPU
		{929DB705-3259-4D00-B864-7F4AF99C21F6}.Debug|Any CPU.Build.0 = Debug|Any CPU
		{929DB705-3259-4D00-B864-7F4AF99C21F6}.Debug|x64.ActiveCfg = Debug|Any CPU
		{929DB705-3259-4D00-B864-7F4AF99C21F6}.Debug|x64.Build.0 = Debug|Any CPU
		{929DB705-3259-4D00-B864-7F4AF99C21F6}.Debug|x86.ActiveCfg = Debug|Any CPU
		{929DB705-3259-4D00-B864-7F4AF99C21F6}.Debug|x86.Build.0 = Debug|Any CPU
		{929DB705-3259-4D00-B864-7F4AF99C21F6}.Release|Any CPU.ActiveCfg = Release|Any CPU
		{929DB705-3259-4D00-B864-7F4AF99C21F6}.Release|Any CPU.Build.0 = Release|Any CPU
		{929DB705-3259-4D00-B864-7F4AF99C21F6}.Release|x64.ActiveCfg = Release|Any CPU
		{929DB705-3259-4D00-B864-7F4AF99C21F6}.Release|x64.Build.0 = Release|Any CPU
		{929DB705-3259-4D00-B864-7F4AF99C21F6}.Release|x86.ActiveCfg = Release|Any CPU
		{929DB705-3259-4D00-B864-7F4AF99C21F6}.Release|x86.Build.0 = Release|Any CPU
		{565205AC-BEE5-4EE3-8D9C-35449CA02F52}.Debug|Any CPU.ActiveCfg = Debug|Any CPU
		{565205AC-BEE5-4EE3-8D9C-35449CA02F52}.Debug|Any CPU.Build.0 = Debug|Any CPU
		{565205AC-BEE5-4EE3-8D9C-35449CA02F52}.Debug|x64.ActiveCfg = Debug|Any CPU
		{565205AC-BEE5-4EE3-8D9C-35449CA02F52}.Debug|x64.Build.0 = Debug|Any CPU
		{565205AC-BEE5-4EE3-8D9C-35449CA02F52}.Debug|x86.ActiveCfg = Debug|Any CPU
		{565205AC-BEE5-4EE3-8D9C-35449CA02F52}.Debug|x86.Build.0 = Debug|Any CPU
		{565205AC-BEE5-4EE3-8D9C-35449CA02F52}.Release|Any CPU.ActiveCfg = Release|Any CPU
		{565205AC-BEE5-4EE3-8D9C-35449CA02F52}.Release|Any CPU.Build.0 = Release|Any CPU
		{565205AC-BEE5-4EE3-8D9C-35449CA02F52}.Release|x64.ActiveCfg = Release|Any CPU
		{565205AC-BEE5-4EE3-8D9C-35449CA02F52}.Release|x64.Build.0 = Release|Any CPU
		{565205AC-BEE5-4EE3-8D9C-35449CA02F52}.Release|x86.ActiveCfg = Release|Any CPU
		{565205AC-BEE5-4EE3-8D9C-35449CA02F52}.Release|x86.Build.0 = Release|Any CPU
		{DA2125BE-8BB2-4C64-B18D-44488A1197AB}.Debug|Any CPU.ActiveCfg = Debug|Any CPU
		{DA2125BE-8BB2-4C64-B18D-44488A1197AB}.Debug|Any CPU.Build.0 = Debug|Any CPU
		{DA2125BE-8BB2-4C64-B18D-44488A1197AB}.Debug|x64.ActiveCfg = Debug|Any CPU
		{DA2125BE-8BB2-4C64-B18D-44488A1197AB}.Debug|x64.Build.0 = Debug|Any CPU
		{DA2125BE-8BB2-4C64-B18D-44488A1197AB}.Debug|x86.ActiveCfg = Debug|Any CPU
		{DA2125BE-8BB2-4C64-B18D-44488A1197AB}.Debug|x86.Build.0 = Debug|Any CPU
		{DA2125BE-8BB2-4C64-B18D-44488A1197AB}.Release|Any CPU.ActiveCfg = Release|Any CPU
		{DA2125BE-8BB2-4C64-B18D-44488A1197AB}.Release|Any CPU.Build.0 = Release|Any CPU
		{DA2125BE-8BB2-4C64-B18D-44488A1197AB}.Release|x64.ActiveCfg = Release|Any CPU
		{DA2125BE-8BB2-4C64-B18D-44488A1197AB}.Release|x64.Build.0 = Release|Any CPU
		{DA2125BE-8BB2-4C64-B18D-44488A1197AB}.Release|x86.ActiveCfg = Release|Any CPU
		{DA2125BE-8BB2-4C64-B18D-44488A1197AB}.Release|x86.Build.0 = Release|Any CPU
	EndGlobalSection
	GlobalSection(SolutionProperties) = preSolution
		HideSolutionNode = FALSE
	EndGlobalSection
	GlobalSection(NestedProjects) = preSolution
		{FE360695-3F2B-1049-3887-35FBB5135923} = {827E0CD3-B72D-47B6-A68D-7590B98EB39B}
		{99E537F9-B866-4CF8-931D-6D548CCABA42} = {FE360695-3F2B-1049-3887-35FBB5135923}
		{AEA9DEA6-F95E-44D5-A9E8-89C9B0919069} = {FE360695-3F2B-1049-3887-35FBB5135923}
		{BC7EC75D-4890-46FA-8E4C-8CF553A03B9A} = {FE360695-3F2B-1049-3887-35FBB5135923}
		{75262B54-D18A-4507-BC3D-FE5ECDCB9790} = {FE360695-3F2B-1049-3887-35FBB5135923}
		{8DF9F5A2-9D3D-4E92-AA7B-D85DA2D757F3} = {FE360695-3F2B-1049-3887-35FBB5135923}
		{D942985C-90E6-4DC8-A2F3-B80B5AD36838} = {FE360695-3F2B-1049-3887-35FBB5135923}
		{2848C142-19CD-4508-91BE-65FF473D07C1} = {FE360695-3F2B-1049-3887-35FBB5135923}
		{929DB705-3259-4D00-B864-7F4AF99C21F6} = {0AB3BF05-4346-4AA6-1389-037BE0695223}
		{565205AC-BEE5-4EE3-8D9C-35449CA02F52} = {FE360695-3F2B-1049-3887-35FBB5135923}
		{DA2125BE-8BB2-4C64-B18D-44488A1197AB} = {0AB3BF05-4346-4AA6-1389-037BE0695223}
	EndGlobalSection
	GlobalSection(ExtensibilityGlobals) = postSolution
		SolutionGuid = {A8D3A003-7D80-4BB4-9F43-5F155B5CC107}
	EndGlobalSection
EndGlobal
